// !$*UTF8*$!
{
	archiveVersion = 1;
	classes = {
	};
	objectVersion = 46;
	objects = {

/* Begin PBXBuildFile section */
		2B0D0BEF1C0316B70065C968 /* AppDelegate.swift in Sources */ = {isa = PBXBuildFile; fileRef = 2B0D0BEE1C0316B70065C968 /* AppDelegate.swift */; };
		2B0D0BF11C0316B70065C968 /* Assets.xcassets in Resources */ = {isa = PBXBuildFile; fileRef = 2B0D0BF01C0316B70065C968 /* Assets.xcassets */; };
		2B0D0BF41C0316B70065C968 /* LaunchScreen.storyboard in Resources */ = {isa = PBXBuildFile; fileRef = 2B0D0BF21C0316B70065C968 /* LaunchScreen.storyboard */; };
		2B0D0BFD1C0325CC0065C968 /* UIKitExtension.swift in Sources */ = {isa = PBXBuildFile; fileRef = 2B0D0BFC1C0325CC0065C968 /* UIKitExtension.swift */; };
		2B0D0C001C032E520065C968 /* NCTBook.swift in Sources */ = {isa = PBXBuildFile; fileRef = 2B0D0BFF1C032E520065C968 /* NCTBook.swift */; };
		2B0D0C021C032E670065C968 /* NCTLibrary.swift in Sources */ = {isa = PBXBuildFile; fileRef = 2B0D0C011C032E670065C968 /* NCTLibrary.swift */; };
		2B993C111C03849200AFFC47 /* JSONProcessing.swift in Sources */ = {isa = PBXBuildFile; fileRef = 2B993C101C03849200AFFC47 /* JSONProcessing.swift */; };
		2BA29E231C0F5C2000672472 /* Hackerbook.storyboard in Resources */ = {isa = PBXBuildFile; fileRef = 2BA29E221C0F5C2000672472 /* Hackerbook.storyboard */; };
		2BA29E2A1C0F5DB500672472 /* HackerTVController.swift in Sources */ = {isa = PBXBuildFile; fileRef = 2BA29E291C0F5DB500672472 /* HackerTVController.swift */; };
		2BA29E2C1C0F635800672472 /* books_readable.json in Resources */ = {isa = PBXBuildFile; fileRef = 2BA29E2B1C0F635800672472 /* books_readable.json */; };
		2BA29E341C0F7F5F00672472 /* DownloadController.swift in Sources */ = {isa = PBXBuildFile; fileRef = 2BA29E331C0F7F5F00672472 /* DownloadController.swift */; };
		2BEB0F2D1C12086600A63CDA /* FileUtils.swift in Sources */ = {isa = PBXBuildFile; fileRef = 2BEB0F2C1C12086600A63CDA /* FileUtils.swift */; };
		2BEE83FD1C1562FE0005F041 /* FoundationExtension.swift in Sources */ = {isa = PBXBuildFile; fileRef = 2BEE83FC1C1562FE0005F041 /* FoundationExtension.swift */; };
		2BEE84011C15F9380005F041 /* DetalledeVista.swift in Sources */ = {isa = PBXBuildFile; fileRef = 2BEE84001C15F9380005F041 /* DetalledeVista.swift */; };
/* End PBXBuildFile section */

/* Begin PBXFileReference section */
		2B0D0BEB1C0316B70065C968 /* HackerBook.app */ = {isa = PBXFileReference; explicitFileType = wrapper.application; includeInIndex = 0; path = HackerBook.app; sourceTree = BUILT_PRODUCTS_DIR; };
		2B0D0BEE1C0316B70065C968 /* AppDelegate.swift */ = {isa = PBXFileReference; lastKnownFileType = sourcecode.swift; path = AppDelegate.swift; sourceTree = "<group>"; };
		2B0D0BF01C0316B70065C968 /* Assets.xcassets */ = {isa = PBXFileReference; lastKnownFileType = folder.assetcatalog; path = Assets.xcassets; sourceTree = "<group>"; };
		2B0D0BF31C0316B70065C968 /* Base */ = {isa = PBXFileReference; lastKnownFileType = file.storyboard; name = Base; path = Base.lproj/LaunchScreen.storyboard; sourceTree = "<group>"; };
		2B0D0BF51C0316B70065C968 /* Info.plist */ = {isa = PBXFileReference; lastKnownFileType = text.plist.xml; path = Info.plist; sourceTree = "<group>"; };
		2B0D0BFC1C0325CC0065C968 /* UIKitExtension.swift */ = {isa = PBXFileReference; fileEncoding = 4; lastKnownFileType = sourcecode.swift; name = UIKitExtension.swift; path = Framework/UIKitExtension.swift; sourceTree = "<group>"; };
		2B0D0BFF1C032E520065C968 /* NCTBook.swift */ = {isa = PBXFileReference; fileEncoding = 4; lastKnownFileType = sourcecode.swift; name = NCTBook.swift; path = Model/NCTBook.swift; sourceTree = "<group>"; };
		2B0D0C011C032E670065C968 /* NCTLibrary.swift */ = {isa = PBXFileReference; fileEncoding = 4; lastKnownFileType = sourcecode.swift; name = NCTLibrary.swift; path = Model/NCTLibrary.swift; sourceTree = "<group>"; };
		2B993C101C03849200AFFC47 /* JSONProcessing.swift */ = {isa = PBXFileReference; fileEncoding = 4; lastKnownFileType = sourcecode.swift; name = JSONProcessing.swift; path = Model/JSONProcessing.swift; sourceTree = "<group>"; };
		2B993C121C03A8ED00AFFC47 /* Pruebas.playground */ = {isa = PBXFileReference; lastKnownFileType = file.playground; name = Pruebas.playground; path = PlayGrounds/Pruebas.playground; sourceTree = "<group>"; };
		2BA29E221C0F5C2000672472 /* Hackerbook.storyboard */ = {isa = PBXFileReference; fileEncoding = 4; lastKnownFileType = file.storyboard; name = Hackerbook.storyboard; path = Storyboards/Hackerbook.storyboard; sourceTree = "<group>"; };
		2BA29E291C0F5DB500672472 /* HackerTVController.swift */ = {isa = PBXFileReference; fileEncoding = 4; lastKnownFileType = sourcecode.swift; name = HackerTVController.swift; path = Controllers/HackerTVController.swift; sourceTree = "<group>"; };
		2BA29E2B1C0F635800672472 /* books_readable.json */ = {isa = PBXFileReference; fileEncoding = 4; lastKnownFileType = text.json; path = books_readable.json; sourceTree = "<group>"; };
		2BA29E331C0F7F5F00672472 /* DownloadController.swift */ = {isa = PBXFileReference; fileEncoding = 4; lastKnownFileType = sourcecode.swift; name = DownloadController.swift; path = Controllers/DownloadController.swift; sourceTree = "<group>"; };
		2BEB0F2C1C12086600A63CDA /* FileUtils.swift */ = {isa = PBXFileReference; fileEncoding = 4; lastKnownFileType = sourcecode.swift; name = FileUtils.swift; path = Utils/FileUtils.swift; sourceTree = "<group>"; };
		2BEE83FC1C1562FE0005F041 /* FoundationExtension.swift */ = {isa = PBXFileReference; fileEncoding = 4; lastKnownFileType = sourcecode.swift; name = FoundationExtension.swift; path = Framework/FoundationExtension.swift; sourceTree = "<group>"; };
		2BEE84001C15F9380005F041 /* DetalledeVista.swift */ = {isa = PBXFileReference; fileEncoding = 4; lastKnownFileType = sourcecode.swift; name = DetalledeVista.swift; path = Controllers/DetalledeVista.swift; sourceTree = "<group>"; };
/* End PBXFileReference section */

/* Begin PBXFrameworksBuildPhase section */
		2B0D0BE81C0316B60065C968 /* Frameworks */ = {
			isa = PBXFrameworksBuildPhase;
			buildActionMask = 2147483647;
			files = (
			);
			runOnlyForDeploymentPostprocessing = 0;
		};
/* End PBXFrameworksBuildPhase section */

/* Begin PBXGroup section */
		2B0D0BE21C0316B60065C968 = {
			isa = PBXGroup;
			children = (
				2B0D0BED1C0316B70065C968 /* HackerBook */,
				2B0D0BEC1C0316B70065C968 /* Products */,
			);
			sourceTree = "<group>";
		};
		2B0D0BEC1C0316B70065C968 /* Products */ = {
			isa = PBXGroup;
			children = (
				2B0D0BEB1C0316B70065C968 /* HackerBook.app */,
			);
			name = Products;
			sourceTree = "<group>";
		};
		2B0D0BED1C0316B70065C968 /* HackerBook */ = {
			isa = PBXGroup;
			children = (
				2B0D0BEE1C0316B70065C968 /* AppDelegate.swift */,
				2BA29E241C0F5CC800672472 /* Controllers */,
				2B0D0BFE1C032BE20065C968 /* Model */,
				2BEB0F2B1C12081800A63CDA /* Utils */,
				2B0D0BF01C0316B70065C968 /* Assets.xcassets */,
				2BA29E2B1C0F635800672472 /* books_readable.json */,
				2B0D0BF51C0316B70065C968 /* Info.plist */,
				2BA29E211C0F5BEF00672472 /* Storyboards */,
				2B0D0BFB1C0325940065C968 /* Framework */,
				2B993C121C03A8ED00AFFC47 /* Pruebas.playground */,
			);
			path = HackerBook;
			sourceTree = "<group>";
		};
		2B0D0BFB1C0325940065C968 /* Framework */ = {
			isa = PBXGroup;
			children = (
				2B0D0BFC1C0325CC0065C968 /* UIKitExtension.swift */,
				2BEE83FC1C1562FE0005F041 /* FoundationExtension.swift */,
			);
			name = Framework;
			sourceTree = "<group>";
		};
		2B0D0BFE1C032BE20065C968 /* Model */ = {
			isa = PBXGroup;
			children = (
				2B0D0BFF1C032E520065C968 /* NCTBook.swift */,
				2B0D0C011C032E670065C968 /* NCTLibrary.swift */,
				2B993C101C03849200AFFC47 /* JSONProcessing.swift */,
			);
			name = Model;
			sourceTree = "<group>";
		};
		2BA29E211C0F5BEF00672472 /* Storyboards */ = {
			isa = PBXGroup;
			children = (
				2B0D0BF21C0316B70065C968 /* LaunchScreen.storyboard */,
				2BA29E221C0F5C2000672472 /* Hackerbook.storyboard */,
			);
			name = Storyboards;
			sourceTree = "<group>";
		};
		2BA29E241C0F5CC800672472 /* Controllers */ = {
			isa = PBXGroup;
			children = (
				2BA29E291C0F5DB500672472 /* HackerTVController.swift */,
				2BA29E331C0F7F5F00672472 /* DownloadController.swift */,
				2BEE84001C15F9380005F041 /* DetalledeVista.swift */,
			);
			name = Controllers;
			sourceTree = "<group>";
		};
		2BEB0F2B1C12081800A63CDA /* Utils */ = {
			isa = PBXGroup;
			children = (
				2BEB0F2C1C12086600A63CDA /* FileUtils.swift */,
			);
			name = Utils;
			sourceTree = "<group>";
		};
/* End PBXGroup section */

/* Begin PBXNativeTarget section */
		2B0D0BEA1C0316B60065C968 /* HackerBook */ = {
			isa = PBXNativeTarget;
			buildConfigurationList = 2B0D0BF81C0316B70065C968 /* Build configuration list for PBXNativeTarget "HackerBook" */;
			buildPhases = (
				2B0D0BE71C0316B60065C968 /* Sources */,
				2B0D0BE81C0316B60065C968 /* Frameworks */,
				2B0D0BE91C0316B60065C968 /* Resources */,
			);
			buildRules = (
			);
			dependencies = (
			);
			name = HackerBook;
			productName = HackerBook;
			productReference = 2B0D0BEB1C0316B70065C968 /* HackerBook.app */;
			productType = "com.apple.product-type.application";
		};
/* End PBXNativeTarget section */

/* Begin PBXProject section */
		2B0D0BE31C0316B60065C968 /* Project object */ = {
			isa = PBXProject;
			attributes = {
				LastSwiftUpdateCheck = 0710;
				LastUpgradeCheck = 0710;
				ORGANIZATIONNAME = "Nicatec Software";
				TargetAttributes = {
					2B0D0BEA1C0316B60065C968 = {
						CreatedOnToolsVersion = 7.1;
					};
				};
			};
			buildConfigurationList = 2B0D0BE61C0316B60065C968 /* Build configuration list for PBXProject "HackerBook" */;
			compatibilityVersion = "Xcode 3.2";
			developmentRegion = English;
			hasScannedForEncodings = 0;
			knownRegions = (
				en,
				Base,
			);
			mainGroup = 2B0D0BE21C0316B60065C968;
			productRefGroup = 2B0D0BEC1C0316B70065C968 /* Products */;
			projectDirPath = "";
			projectRoot = "";
			targets = (
				2B0D0BEA1C0316B60065C968 /* HackerBook */,
			);
		};
/* End PBXProject section */

/* Begin PBXResourcesBuildPhase section */
		2B0D0BE91C0316B60065C968 /* Resources */ = {
			isa = PBXResourcesBuildPhase;
			buildActionMask = 2147483647;
			files = (
				2BA29E2C1C0F635800672472 /* books_readable.json in Resources */,
				2BA29E231C0F5C2000672472 /* Hackerbook.storyboard in Resources */,
				2B0D0BF11C0316B70065C968 /* Assets.xcassets in Resources */,
				2B0D0BF41C0316B70065C968 /* LaunchScreen.storyboard in Resources */,
			);
			runOnlyForDeploymentPostprocessing = 0;
		};
/* End PBXResourcesBuildPhase section */

/* Begin PBXSourcesBuildPhase section */
		2B0D0BE71C0316B60065C968 /* Sources */ = {
			isa = PBXSourcesBuildPhase;
			buildActionMask = 2147483647;
			files = (
				2BEE84011C15F9380005F041 /* DetalledeVista.swift in Sources */,
				2BA29E341C0F7F5F00672472 /* DownloadController.swift in Sources */,
				2B0D0BFD1C0325CC0065C968 /* UIKitExtension.swift in Sources */,
				2BA29E2A1C0F5DB500672472 /* HackerTVController.swift in Sources */,
				2BEB0F2D1C12086600A63CDA /* FileUtils.swift in Sources */,
				2BEE83FD1C1562FE0005F041 /* FoundationExtension.swift in Sources */,
				2B0D0C021C032E670065C968 /* NCTLibrary.swift in Sources */,
				2B0D0BEF1C0316B70065C968 /* AppDelegate.swift in Sources */,
				2B0D0C001C032E520065C968 /* NCTBook.swift in Sources */,
				2B993C111C03849200AFFC47 /* JSONProcessing.swift in Sources */,
			);
			runOnlyForDeploymentPostprocessing = 0;
		};
/* End PBXSourcesBuildPhase section */

/* Begin PBXVariantGroup section */
		2B0D0BF21C0316B70065C968 /* LaunchScreen.storyboard */ = {
			isa = PBXVariantGroup;
			children = (
				2B0D0BF31C0316B70065C968 /* Base */,
			);
			name = LaunchScreen.storyboard;
			sourceTree = "<group>";
		};
/* End PBXVariantGroup section */

/* Begin XCBuildConfiguration section */
		2B0D0BF61C0316B70065C968 /* Debug */ = {
			isa = XCBuildConfiguration;
			buildSettings = {
				ALWAYS_SEARCH_USER_PATHS = NO;
				CLANG_CXX_LANGUAGE_STANDARD = "gnu++0x";
				CLANG_CXX_LIBRARY = "libc++";
				CLANG_ENABLE_MODULES = YES;
				CLANG_ENABLE_OBJC_ARC = YES;
				CLANG_WARN_BOOL_CONVERSION = YES;
				CLANG_WARN_CONSTANT_CONVERSION = YES;
				CLANG_WARN_DIRECT_OBJC_ISA_USAGE = YES_ERROR;
				CLANG_WARN_EMPTY_BODY = YES;
				CLANG_WARN_ENUM_CONVERSION = YES;
				CLANG_WARN_INT_CONVERSION = YES;
				CLANG_WARN_OBJC_ROOT_CLASS = YES_ERROR;
				CLANG_WARN_UNREACHABLE_CODE = YES;
				CLANG_WARN__DUPLICATE_METHOD_MATCH = YES;
				"CODE_SIGN_IDENTITY[sdk=iphoneos*]" = "iPhone Developer";
				COPY_PHASE_STRIP = NO;
				DEBUG_INFORMATION_FORMAT = dwarf;
				ENABLE_STRICT_OBJC_MSGSEND = YES;
				ENABLE_TESTABILITY = YES;
				GCC_C_LANGUAGE_STANDARD = gnu99;
				GCC_DYNAMIC_NO_PIC = NO;
				GCC_NO_COMMON_BLOCKS = YES;
				GCC_OPTIMIZATION_LEVEL = 0;
				GCC_PREPROCESSOR_DEFINITIONS = (
					"DEBUG=1",
					"$(inherited)",
				);
				GCC_WARN_64_TO_32_BIT_CONVERSION = YES;
				GCC_WARN_ABOUT_RETURN_TYPE = YES_ERROR;
				GCC_WARN_UNDECLARED_SELECTOR = YES;
				GCC_WARN_UNINITIALIZED_AUTOS = YES_AGGRESSIVE;
				GCC_WARN_UNUSED_FUNCTION = YES;
				GCC_WARN_UNUSED_VARIABLE = YES;
				IPHONEOS_DEPLOYMENT_TARGET = 9.1;
				MTL_ENABLE_DEBUG_INFO = YES;
				ONLY_ACTIVE_ARCH = YES;
				SDKROOT = iphoneos;
				SWIFT_OPTIMIZATION_LEVEL = "-Onone";
			};
			name = Debug;
		};
		2B0D0BF71C0316B70065C968 /* Release */ = {
			isa = XCBuildConfiguration;
			buildSettings = {
				ALWAYS_SEARCH_USER_PATHS = NO;
				CLANG_CXX_LANGUAGE_STANDARD = "gnu++0x";
				CLANG_CXX_LIBRARY = "libc++";
				CLANG_ENABLE_MODULES = YES;
				CLANG_ENABLE_OBJC_ARC = YES;
				CLANG_WARN_BOOL_CONVERSION = YES;
				CLANG_WARN_CONSTANT_CONVERSION = YES;
				CLANG_WARN_DIRECT_OBJC_ISA_USAGE = YES_ERROR;
				CLANG_WARN_EMPTY_BODY = YES;
				CLANG_WARN_ENUM_CONVERSION = YES;
				CLANG_WARN_INT_CONVERSION = YES;
				CLANG_WARN_OBJC_ROOT_CLASS = YES_ERROR;
				CLANG_WARN_UNREACHABLE_CODE = YES;
				CLANG_WARN__DUPLICATE_METHOD_MATCH = YES;
				"CODE_SIGN_IDENTITY[sdk=iphoneos*]" = "iPhone Developer";
				COPY_PHASE_STRIP = NO;
				DEBUG_INFORMATION_FORMAT = "dwarf-with-dsym";
				ENABLE_NS_ASSERTIONS = NO;
				ENABLE_STRICT_OBJC_MSGSEND = YES;
				GCC_C_LANGUAGE_STANDARD = gnu99;
				GCC_NO_COMMON_BLOCKS = YES;
				GCC_WARN_64_TO_32_BIT_CONVERSION = YES;
				GCC_WARN_ABOUT_RETURN_TYPE = YES_ERROR;
				GCC_WARN_UNDECLARED_SELECTOR = YES;
				GCC_WARN_UNINITIALIZED_AUTOS = YES_AGGRESSIVE;
				GCC_WARN_UNUSED_FUNCTION = YES;
				GCC_WARN_UNUSED_VARIABLE = YES;
				IPHONEOS_DEPLOYMENT_TARGET = 9.1;
				MTL_ENABLE_DEBUG_INFO = NO;
				SDKROOT = iphoneos;
				VALIDATE_PRODUCT = YES;
			};
			name = Release;
		};
		2B0D0BF91C0316B70065C968 /* Debug */ = {
			isa = XCBuildConfiguration;
			buildSettings = {
				ASSETCATALOG_COMPILER_APPICON_NAME = AppIcon;
				INFOPLIST_FILE = HackerBook/Info.plist;
				IPHONEOS_DEPLOYMENT_TARGET = 8.0;
				LD_RUNPATH_SEARCH_PATHS = "$(inherited) @executable_path/Frameworks";
				PRODUCT_BUNDLE_IDENTIFIER = com.Nicatec.HackerBook;
				PRODUCT_NAME = "$(TARGET_NAME)";
			};
			name = Debug;
		};
		2B0D0BFA1C0316B70065C968 /* Release */ = {
			isa = XCBuildConfiguration;
			buildSettings = {
				ASSETCATALOG_COMPILER_APPICON_NAME = AppIcon;
				INFOPLIST_FILE = HackerBook/Info.plist;
				IPHONEOS_DEPLOYMENT_TARGET = 8.0;
				LD_RUNPATH_SEARCH_PATHS = "$(inherited) @executable_path/Frameworks";
				PRODUCT_BUNDLE_IDENTIFIER = com.Nicatec.HackerBook;
				PRODUCT_NAME = "$(TARGET_NAME)";
			};
			name = Release;
		};
/* End XCBuildConfiguration section */

/* Begin XCConfigurationList section */
		2B0D0BE61C0316B60065C968 /* Build configuration list for PBXProject "HackerBook" */ = {
			isa = XCConfigurationList;
			buildConfigurations = (
				2B0D0BF61C0316B70065C968 /* Debug */,
				2B0D0BF71C0316B70065C968 /* Release */,
			);
			defaultConfigurationIsVisible = 0;
			defaultConfigurationName = Release;
		};
		2B0D0BF81C0316B70065C968 /* Build configuration list for PBXNativeTarget "HackerBook" */ = {
			isa = XCConfigurationList;
			buildConfigurations = (
				2B0D0BF91C0316B70065C968 /* Debug */,
				2B0D0BFA1C0316B70065C968 /* Release */,
			);
			defaultConfigurationIsVisible = 0;
			defaultConfigurationName = Release;
		};
/* End XCConfigurationList section */
	};
	rootObject = 2B0D0BE31C0316B60065C968 /* Project object */;
}
